
Microsoft Visual Studio Solution File, Format Version 12.00
# Visual Studio 14
VisualStudioVersion = 14.0.25420.1
MinimumVisualStudioVersion = 10.0.40219.1
Project("{8BC9CEB8-8B4A-11D0-8D11-00A0C91BC942}") = "Stack", "Stack\Stack.vcxproj", "{95B30C75-F73A-480B-8DCD-EA6B6818809F}"
EndProject
Project("{8BC9CEB8-8B4A-11D0-8D11-00A0C91BC942}") = "LinkList_Full", "..\..\ch2\LinkList_Full\LinkList_Full\LinkList_Full.vcxproj", "{88EEAA84-3290-4BBA-8E6B-084BB7DDDB08}"
EndProject
Project("{8BC9CEB8-8B4A-11D0-8D11-00A0C91BC942}") = "LinkList", "..\..\ch2\LinkList\LinkList\LinkList.vcxproj", "{386E5307-97CC-4682-82DC-35C0D3B1CEB3}"
EndProject
Project("{8BC9CEB8-8B4A-11D0-8D11-00A0C91BC942}") = "Algorithm3_1", "Algorithm3_1\Algorithm3_1.vcxproj", "{12E97B4A-2E09-428A-8DA6-F2C7C110DC68}"
EndProject
Project("{8BC9CEB8-8B4A-11D0-8D11-00A0C91BC942}") = "Algorithm3_2", "Algorithm3_2\Algorithm3_2.vcxproj", "{46214CE3-96F2-4D9E-9969-1F384C1491D7}"
EndProject
Global
	GlobalSection(SolutionConfigurationPlatforms) = preSolution
		Debug|x64 = Debug|x64
		Debug|x86 = Debug|x86
		Release|x64 = Release|x64
		Release|x86 = Release|x86
	EndGlobalSection
	GlobalSection(ProjectConfigurationPlatforms) = postSolution
		{95B30C75-F73A-480B-8DCD-EA6B6818809F}.Debug|x64.ActiveCfg = Debug|x64
		{95B30C75-F73A-480B-8DCD-EA6B6818809F}.Debug|x64.Build.0 = Debug|x64
		{95B30C75-F73A-480B-8DCD-EA6B6818809F}.Debug|x86.ActiveCfg = Debug|Win32
		{95B30C75-F73A-480B-8DCD-EA6B6818809F}.Debug|x86.Build.0 = Debug|Win32
		{95B30C75-F73A-480B-8DCD-EA6B6818809F}.Release|x64.ActiveCfg = Release|x64
		{95B30C75-F73A-480B-8DCD-EA6B6818809F}.Release|x64.Build.0 = Release|x64
		{95B30C75-F73A-480B-8DCD-EA6B6818809F}.Release|x86.ActiveCfg = Release|Win32
		{95B30C75-F73A-480B-8DCD-EA6B6818809F}.Release|x86.Build.0 = Release|Win32
		{88EEAA84-3290-4BBA-8E6B-084BB7DDDB08}.Debug|x64.ActiveCfg = Debug|x64
		{88EEAA84-3290-4BBA-8E6B-084BB7DDDB08}.Debug|x64.Build.0 = Debug|x64
		{88EEAA84-3290-4BBA-8E6B-084BB7DDDB08}.Debug|x86.ActiveCfg = Debug|Win32
		{88EEAA84-3290-4BBA-8E6B-084BB7DDDB08}.Debug|x86.Build.0 = Debug|Win32
		{88EEAA84-3290-4BBA-8E6B-084BB7DDDB08}.Release|x64.ActiveCfg = Release|x64
		{88EEAA84-3290-4BBA-8E6B-084BB7DDDB08}.Release|x64.Build.0 = Release|x64
		{88EEAA84-3290-4BBA-8E6B-084BB7DDDB08}.Release|x86.ActiveCfg = Release|Win32
		{88EEAA84-3290-4BBA-8E6B-084BB7DDDB08}.Release|x86.Build.0 = Release|Win32
		{386E5307-97CC-4682-82DC-35C0D3B1CEB3}.Debug|x64.ActiveCfg = Debug|x64
		{386E5307-97CC-4682-82DC-35C0D3B1CEB3}.Debug|x64.Build.0 = Debug|x64
		{386E5307-97CC-4682-82DC-35C0D3B1CEB3}.Debug|x86.ActiveCfg = Debug|Win32
		{386E5307-97CC-4682-82DC-35C0D3B1CEB3}.Debug|x86.Build.0 = Debug|Win32
		{386E5307-97CC-4682-82DC-35C0D3B1CEB3}.Release|x64.ActiveCfg = Release|x64
		{386E5307-97CC-4682-82DC-35C0D3B1CEB3}.Release|x64.Build.0 = Release|x64
		{386E5307-97CC-4682-82DC-35C0D3B1CEB3}.Release|x86.ActiveCfg = Release|Win32
		{386E5307-97CC-4682-82DC-35C0D3B1CEB3}.Release|x86.Build.0 = Release|Win32
		{12E97B4A-2E09-428A-8DA6-F2C7C110DC68}.Debug|x64.ActiveCfg = Debug|x64
		{12E97B4A-2E09-428A-8DA6-F2C7C110DC68}.Debug|x64.Build.0 = Debug|x64
		{12E97B4A-2E09-428A-8DA6-F2C7C110DC68}.Debug|x86.ActiveCfg = Debug|Win32
		{12E97B4A-2E09-428A-8DA6-F2C7C110DC68}.Debug|x86.Build.0 = Debug|Win32
		{12E97B4A-2E09-428A-8DA6-F2C7C110DC68}.Release|x64.ActiveCfg = Release|x64
		{12E97B4A-2E09-428A-8DA6-F2C7C110DC68}.Release|x64.Build.0 = Release|x64
		{12E97B4A-2E09-428A-8DA6-F2C7C110DC68}.Release|x86.ActiveCfg = Release|Win32
		{12E97B4A-2E09-428A-8DA6-F2C7C110DC68}.Release|x86.Build.0 = Release|Win32
		{46214CE3-96F2-4D9E-9969-1F384C1491D7}.Debug|x64.ActiveCfg = Debug|x64
		{46214CE3-96F2-4D9E-9969-1F384C1491D7}.Debug|x64.Build.0 = Debug|x64
		{46214CE3-96F2-4D9E-9969-1F384C1491D7}.Debug|x86.ActiveCfg = Debug|Win32
		{46214CE3-96F2-4D9E-9969-1F384C1491D7}.Debug|x86.Build.0 = Debug|Win32
		{46214CE3-96F2-4D9E-9969-1F384C1491D7}.Release|x64.ActiveCfg = Release|x64
		{46214CE3-96F2-4D9E-9969-1F384C1491D7}.Release|x64.Build.0 = Release|x64
		{46214CE3-96F2-4D9E-9969-1F384C1491D7}.Release|x86.ActiveCfg = Release|Win32
		{46214CE3-96F2-4D9E-9969-1F384C1491D7}.Release|x86.Build.0 = Release|Win32
	EndGlobalSection
	GlobalSection(SolutionProperties) = preSolution
		HideSolutionNode = FALSE
	EndGlobalSection
EndGlobal
