
Microsoft Visual Studio Solution File, Format Version 12.00
# Visual Studio 14
VisualStudioVersion = 14.0.25420.1
MinimumVisualStudioVersion = 10.0.40219.1
Project("{8BC9CEB8-8B4A-11D0-8D11-00A0C91BC942}") = "Algorithm2_20.21", "Algorithm2_20.21\Algorithm2_20.21.vcxproj", "{D763DA01-8DB1-4137-9EA8-6238B2FB318C}"
EndProject
Global
	GlobalSection(SolutionConfigurationPlatforms) = preSolution
		Debug|x64 = Debug|x64
		Debug|x86 = Debug|x86
		Release|x64 = Release|x64
		Release|x86 = Release|x86
	EndGlobalSection
	GlobalSection(ProjectConfigurationPlatforms) = postSolution
		{D763DA01-8DB1-4137-9EA8-6238B2FB318C}.Debug|x64.ActiveCfg = Debug|x64
		{D763DA01-8DB1-4137-9EA8-6238B2FB318C}.Debug|x64.Build.0 = Debug|x64
		{D763DA01-8DB1-4137-9EA8-6238B2FB318C}.Debug|x86.ActiveCfg = Debug|Win32
		{D763DA01-8DB1-4137-9EA8-6238B2FB318C}.Debug|x86.Build.0 = Debug|Win32
		{D763DA01-8DB1-4137-9EA8-6238B2FB318C}.Release|x64.ActiveCfg = Release|x64
		{D763DA01-8DB1-4137-9EA8-6238B2FB318C}.Release|x64.Build.0 = Release|x64
		{D763DA01-8DB1-4137-9EA8-6238B2FB318C}.Release|x86.ActiveCfg = Release|Win32
		{D763DA01-8DB1-4137-9EA8-6238B2FB318C}.Release|x86.Build.0 = Release|Win32
	EndGlobalSection
	GlobalSection(SolutionProperties) = preSolution
		HideSolutionNode = FALSE
	EndGlobalSection
EndGlobal
