
Microsoft Visual Studio Solution File, Format Version 12.00
# Visual Studio 14
VisualStudioVersion = 14.0.25420.1
MinimumVisualStudioVersion = 10.0.40219.1
Project("{8BC9CEB8-8B4A-11D0-8D11-00A0C91BC942}") = "string", "string\string.vcxproj", "{2577334F-D7B7-40B4-BF83-EF93ED884A38}"
EndProject
Project("{8BC9CEB8-8B4A-11D0-8D11-00A0C91BC942}") = "HString", "HString\HString.vcxproj", "{1833FC1F-99FD-4DEE-961E-FC79C1B2A55D}"
EndProject
Project("{8BC9CEB8-8B4A-11D0-8D11-00A0C91BC942}") = "KMP", "KMP\KMP.vcxproj", "{2F1E570D-8105-4CD7-A85F-767E6DB2A37F}"
EndProject
Global
	GlobalSection(SolutionConfigurationPlatforms) = preSolution
		Debug|x64 = Debug|x64
		Debug|x86 = Debug|x86
		Release|x64 = Release|x64
		Release|x86 = Release|x86
	EndGlobalSection
	GlobalSection(ProjectConfigurationPlatforms) = postSolution
		{2577334F-D7B7-40B4-BF83-EF93ED884A38}.Debug|x64.ActiveCfg = Debug|x64
		{2577334F-D7B7-40B4-BF83-EF93ED884A38}.Debug|x64.Build.0 = Debug|x64
		{2577334F-D7B7-40B4-BF83-EF93ED884A38}.Debug|x86.ActiveCfg = Debug|Win32
		{2577334F-D7B7-40B4-BF83-EF93ED884A38}.Debug|x86.Build.0 = Debug|Win32
		{2577334F-D7B7-40B4-BF83-EF93ED884A38}.Release|x64.ActiveCfg = Release|x64
		{2577334F-D7B7-40B4-BF83-EF93ED884A38}.Release|x64.Build.0 = Release|x64
		{2577334F-D7B7-40B4-BF83-EF93ED884A38}.Release|x86.ActiveCfg = Release|Win32
		{2577334F-D7B7-40B4-BF83-EF93ED884A38}.Release|x86.Build.0 = Release|Win32
		{1833FC1F-99FD-4DEE-961E-FC79C1B2A55D}.Debug|x64.ActiveCfg = Debug|x64
		{1833FC1F-99FD-4DEE-961E-FC79C1B2A55D}.Debug|x64.Build.0 = Debug|x64
		{1833FC1F-99FD-4DEE-961E-FC79C1B2A55D}.Debug|x86.ActiveCfg = Debug|Win32
		{1833FC1F-99FD-4DEE-961E-FC79C1B2A55D}.Debug|x86.Build.0 = Debug|Win32
		{1833FC1F-99FD-4DEE-961E-FC79C1B2A55D}.Release|x64.ActiveCfg = Release|x64
		{1833FC1F-99FD-4DEE-961E-FC79C1B2A55D}.Release|x64.Build.0 = Release|x64
		{1833FC1F-99FD-4DEE-961E-FC79C1B2A55D}.Release|x86.ActiveCfg = Release|Win32
		{1833FC1F-99FD-4DEE-961E-FC79C1B2A55D}.Release|x86.Build.0 = Release|Win32
		{2F1E570D-8105-4CD7-A85F-767E6DB2A37F}.Debug|x64.ActiveCfg = Debug|x64
		{2F1E570D-8105-4CD7-A85F-767E6DB2A37F}.Debug|x64.Build.0 = Debug|x64
		{2F1E570D-8105-4CD7-A85F-767E6DB2A37F}.Debug|x86.ActiveCfg = Debug|Win32
		{2F1E570D-8105-4CD7-A85F-767E6DB2A37F}.Debug|x86.Build.0 = Debug|Win32
		{2F1E570D-8105-4CD7-A85F-767E6DB2A37F}.Release|x64.ActiveCfg = Release|x64
		{2F1E570D-8105-4CD7-A85F-767E6DB2A37F}.Release|x64.Build.0 = Release|x64
		{2F1E570D-8105-4CD7-A85F-767E6DB2A37F}.Release|x86.ActiveCfg = Release|Win32
		{2F1E570D-8105-4CD7-A85F-767E6DB2A37F}.Release|x86.Build.0 = Release|Win32
	EndGlobalSection
	GlobalSection(SolutionProperties) = preSolution
		HideSolutionNode = FALSE
	EndGlobalSection
EndGlobal
